// !$*UTF8*$!
{
	archiveVersion = 1;
	classes = {
	};
	objectVersion = 55;
	objects = {

/* Begin PBXBuildFile section */
		0E620363288D73F20053DEC3 /* AssetDetailsViewController.swift in Sources */ = {isa = PBXBuildFile; fileRef = 0E620362288D73F20053DEC3 /* AssetDetailsViewController.swift */; };
		0E620366288D74BC0053DEC3 /* AssetViewModel.swift in Sources */ = {isa = PBXBuildFile; fileRef = 0E620365288D74BC0053DEC3 /* AssetViewModel.swift */; };
		0E620368288D88B00053DEC3 /* ChartView.swift in Sources */ = {isa = PBXBuildFile; fileRef = 0E620367288D88B00053DEC3 /* ChartView.swift */; };
		0E62CFCC28897FBB007CDD62 /* AppDelegate.swift in Sources */ = {isa = PBXBuildFile; fileRef = 0E62CFCB28897FBB007CDD62 /* AppDelegate.swift */; };
		0E62CFCE28897FBB007CDD62 /* SceneDelegate.swift in Sources */ = {isa = PBXBuildFile; fileRef = 0E62CFCD28897FBB007CDD62 /* SceneDelegate.swift */; };
		0E62CFD028897FBB007CDD62 /* FeedViewController.swift in Sources */ = {isa = PBXBuildFile; fileRef = 0E62CFCF28897FBB007CDD62 /* FeedViewController.swift */; };
		0E62CFD528897FBD007CDD62 /* Assets.xcassets in Resources */ = {isa = PBXBuildFile; fileRef = 0E62CFD428897FBD007CDD62 /* Assets.xcassets */; };
		0E62CFD828897FBD007CDD62 /* LaunchScreen.storyboard in Resources */ = {isa = PBXBuildFile; fileRef = 0E62CFD628897FBD007CDD62 /* LaunchScreen.storyboard */; };
		0E62CFE128897FEF007CDD62 /* NetworkService.swift in Sources */ = {isa = PBXBuildFile; fileRef = 0E62CFE028897FEF007CDD62 /* NetworkService.swift */; };
		0E62CFE32889800E007CDD62 /* AppState.swift in Sources */ = {isa = PBXBuildFile; fileRef = 0E62CFE22889800E007CDD62 /* AppState.swift */; };
		0E62CFE6288981B2007CDD62 /* UIView+Additions.swift in Sources */ = {isa = PBXBuildFile; fileRef = 0E62CFE5288981B2007CDD62 /* UIView+Additions.swift */; };
		0E62CFE828898229007CDD62 /* FeedViewModel.swift in Sources */ = {isa = PBXBuildFile; fileRef = 0E62CFE728898229007CDD62 /* FeedViewModel.swift */; };
		0E62CFEB288D64D3007CDD62 /* Cell.swift in Sources */ = {isa = PBXBuildFile; fileRef = 0E62CFEA288D64D3007CDD62 /* Cell.swift */; };
		0E62CFED288D65EF007CDD62 /* Router.swift in Sources */ = {isa = PBXBuildFile; fileRef = 0E62CFEC288D65EF007CDD62 /* Router.swift */; };
/* End PBXBuildFile section */

/* Begin PBXFileReference section */
		0E620362288D73F20053DEC3 /* AssetDetailsViewController.swift */ = {isa = PBXFileReference; lastKnownFileType = sourcecode.swift; path = AssetDetailsViewController.swift; sourceTree = "<group>"; };
		0E620365288D74BC0053DEC3 /* AssetViewModel.swift */ = {isa = PBXFileReference; lastKnownFileType = sourcecode.swift; path = AssetViewModel.swift; sourceTree = "<group>"; };
		0E620367288D88B00053DEC3 /* ChartView.swift */ = {isa = PBXFileReference; lastKnownFileType = sourcecode.swift; path = ChartView.swift; sourceTree = "<group>"; };
		0E62CFC828897FBB007CDD62 /* AGCryptoWatcher.app */ = {isa = PBXFileReference; explicitFileType = wrapper.application; includeInIndex = 0; path = AGCryptoWatcher.app; sourceTree = BUILT_PRODUCTS_DIR; };
		0E62CFCB28897FBB007CDD62 /* AppDelegate.swift */ = {isa = PBXFileReference; lastKnownFileType = sourcecode.swift; path = AppDelegate.swift; sourceTree = "<group>"; };
		0E62CFCD28897FBB007CDD62 /* SceneDelegate.swift */ = {isa = PBXFileReference; lastKnownFileType = sourcecode.swift; path = SceneDelegate.swift; sourceTree = "<group>"; };
		0E62CFCF28897FBB007CDD62 /* FeedViewController.swift */ = {isa = PBXFileReference; lastKnownFileType = sourcecode.swift; path = FeedViewController.swift; sourceTree = "<group>"; };
		0E62CFD428897FBD007CDD62 /* Assets.xcassets */ = {isa = PBXFileReference; lastKnownFileType = folder.assetcatalog; path = Assets.xcassets; sourceTree = "<group>"; };
		0E62CFD728897FBD007CDD62 /* Base */ = {isa = PBXFileReference; lastKnownFileType = file.storyboard; name = Base; path = Base.lproj/LaunchScreen.storyboard; sourceTree = "<group>"; };
		0E62CFD928897FBD007CDD62 /* Info.plist */ = {isa = PBXFileReference; lastKnownFileType = text.plist.xml; path = Info.plist; sourceTree = "<group>"; };
		0E62CFE028897FEF007CDD62 /* NetworkService.swift */ = {isa = PBXFileReference; lastKnownFileType = sourcecode.swift; path = NetworkService.swift; sourceTree = "<group>"; };
		0E62CFE22889800E007CDD62 /* AppState.swift */ = {isa = PBXFileReference; lastKnownFileType = sourcecode.swift; path = AppState.swift; sourceTree = "<group>"; };
		0E62CFE5288981B2007CDD62 /* UIView+Additions.swift */ = {isa = PBXFileReference; lastKnownFileType = sourcecode.swift; path = "UIView+Additions.swift"; sourceTree = "<group>"; };
		0E62CFE728898229007CDD62 /* FeedViewModel.swift */ = {isa = PBXFileReference; lastKnownFileType = sourcecode.swift; path = FeedViewModel.swift; sourceTree = "<group>"; };
		0E62CFEA288D64D3007CDD62 /* Cell.swift */ = {isa = PBXFileReference; lastKnownFileType = sourcecode.swift; path = Cell.swift; sourceTree = "<group>"; };
		0E62CFEC288D65EF007CDD62 /* Router.swift */ = {isa = PBXFileReference; lastKnownFileType = sourcecode.swift; path = Router.swift; sourceTree = "<group>"; };
/* End PBXFileReference section */

/* Begin PBXFrameworksBuildPhase section */
		0E62CFC528897FBB007CDD62 /* Frameworks */ = {
			isa = PBXFrameworksBuildPhase;
			buildActionMask = 2147483647;
			files = (
			);
			runOnlyForDeploymentPostprocessing = 0;
		};
/* End PBXFrameworksBuildPhase section */

/* Begin PBXGroup section */
		0E620361288D73C50053DEC3 /* View Controllers */ = {
			isa = PBXGroup;
			children = (
				0E62CFCF28897FBB007CDD62 /* FeedViewController.swift */,
				0E620362288D73F20053DEC3 /* AssetDetailsViewController.swift */,
			);
			path = "View Controllers";
			sourceTree = "<group>";
		};
		0E620364288D749D0053DEC3 /* View Models */ = {
			isa = PBXGroup;
			children = (
				0E62CFE728898229007CDD62 /* FeedViewModel.swift */,
				0E620365288D74BC0053DEC3 /* AssetViewModel.swift */,
			);
			path = "View Models";
			sourceTree = "<group>";
		};
		0E620369288D88B40053DEC3 /* Views */ = {
			isa = PBXGroup;
			children = (
				0E620367288D88B00053DEC3 /* ChartView.swift */,
			);
			path = Views;
			sourceTree = "<group>";
		};
		0E62CFBF28897FBB007CDD62 = {
			isa = PBXGroup;
			children = (
				0E62CFCA28897FBB007CDD62 /* AGCryptoWatcher */,
				0E62CFC928897FBB007CDD62 /* Products */,
			);
			sourceTree = "<group>";
		};
		0E62CFC928897FBB007CDD62 /* Products */ = {
			isa = PBXGroup;
			children = (
				0E62CFC828897FBB007CDD62 /* AGCryptoWatcher.app */,
			);
			name = Products;
			sourceTree = "<group>";
		};
		0E62CFCA28897FBB007CDD62 /* AGCryptoWatcher */ = {
			isa = PBXGroup;
			children = (
				0E62CFE9288D64B6007CDD62 /* Cells */,
				0E620361288D73C50053DEC3 /* View Controllers */,
				0E620369288D88B40053DEC3 /* Views */,
				0E620364288D749D0053DEC3 /* View Models */,
				0E62CFDF28897FD1007CDD62 /* Services */,
				0E62CFE428898189007CDD62 /* Supporting */,
				0E62CFCB28897FBB007CDD62 /* AppDelegate.swift */,
				0E62CFE22889800E007CDD62 /* AppState.swift */,
				0E62CFEC288D65EF007CDD62 /* Router.swift */,
				0E62CFCD28897FBB007CDD62 /* SceneDelegate.swift */,
				0E62CFD428897FBD007CDD62 /* Assets.xcassets */,
				0E62CFD628897FBD007CDD62 /* LaunchScreen.storyboard */,
				0E62CFD928897FBD007CDD62 /* Info.plist */,
			);
			path = AGCryptoWatcher;
			sourceTree = "<group>";
		};
		0E62CFDF28897FD1007CDD62 /* Services */ = {
			isa = PBXGroup;
			children = (
				0E62CFE028897FEF007CDD62 /* NetworkService.swift */,
			);
			path = Services;
			sourceTree = "<group>";
		};
		0E62CFE428898189007CDD62 /* Supporting */ = {
			isa = PBXGroup;
			children = (
				0E62CFE5288981B2007CDD62 /* UIView+Additions.swift */,
			);
			path = Supporting;
			sourceTree = "<group>";
		};
		0E62CFE9288D64B6007CDD62 /* Cells */ = {
			isa = PBXGroup;
			children = (
				0E62CFEA288D64D3007CDD62 /* Cell.swift */,
			);
			path = Cells;
			sourceTree = "<group>";
		};
/* End PBXGroup section */

/* Begin PBXNativeTarget section */
		0E62CFC728897FBB007CDD62 /* AGCryptoWatcher */ = {
			isa = PBXNativeTarget;
			buildConfigurationList = 0E62CFDC28897FBD007CDD62 /* Build configuration list for PBXNativeTarget "AGCryptoWatcher" */;
			buildPhases = (
				0E62CFC428897FBB007CDD62 /* Sources */,
				0E62CFC528897FBB007CDD62 /* Frameworks */,
				0E62CFC628897FBB007CDD62 /* Resources */,
			);
			buildRules = (
			);
			dependencies = (
			);
			name = AGCryptoWatcher;
			productName = AGCryptoWallet;
			productReference = 0E62CFC828897FBB007CDD62 /* AGCryptoWatcher.app */;
			productType = "com.apple.product-type.application";
		};
/* End PBXNativeTarget section */

/* Begin PBXProject section */
		0E62CFC028897FBB007CDD62 /* Project object */ = {
			isa = PBXProject;
			attributes = {
				BuildIndependentTargetsInParallel = 1;
				LastSwiftUpdateCheck = 1330;
				LastUpgradeCheck = 1330;
				TargetAttributes = {
					0E62CFC728897FBB007CDD62 = {
						CreatedOnToolsVersion = 13.3;
					};
				};
			};
			buildConfigurationList = 0E62CFC328897FBB007CDD62 /* Build configuration list for PBXProject "AGCryptoWatcher" */;
			compatibilityVersion = "Xcode 13.0";
			developmentRegion = en;
			hasScannedForEncodings = 0;
			knownRegions = (
				en,
				Base,
			);
			mainGroup = 0E62CFBF28897FBB007CDD62;
			productRefGroup = 0E62CFC928897FBB007CDD62 /* Products */;
			projectDirPath = "";
			projectRoot = "";
			targets = (
				0E62CFC728897FBB007CDD62 /* AGCryptoWatcher */,
			);
		};
/* End PBXProject section */

/* Begin PBXResourcesBuildPhase section */
		0E62CFC628897FBB007CDD62 /* Resources */ = {
			isa = PBXResourcesBuildPhase;
			buildActionMask = 2147483647;
			files = (
				0E62CFD828897FBD007CDD62 /* LaunchScreen.storyboard in Resources */,
				0E62CFD528897FBD007CDD62 /* Assets.xcassets in Resources */,
			);
			runOnlyForDeploymentPostprocessing = 0;
		};
/* End PBXResourcesBuildPhase section */

/* Begin PBXSourcesBuildPhase section */
		0E62CFC428897FBB007CDD62 /* Sources */ = {
			isa = PBXSourcesBuildPhase;
			buildActionMask = 2147483647;
			files = (
				0E62CFE828898229007CDD62 /* FeedViewModel.swift in Sources */,
				0E62CFE6288981B2007CDD62 /* UIView+Additions.swift in Sources */,
				0E620363288D73F20053DEC3 /* AssetDetailsViewController.swift in Sources */,
				0E620366288D74BC0053DEC3 /* AssetViewModel.swift in Sources */,
				0E62CFD028897FBB007CDD62 /* FeedViewController.swift in Sources */,
				0E62CFE32889800E007CDD62 /* AppState.swift in Sources */,
				0E62CFED288D65EF007CDD62 /* Router.swift in Sources */,
				0E62CFCC28897FBB007CDD62 /* AppDelegate.swift in Sources */,
				0E62CFEB288D64D3007CDD62 /* Cell.swift in Sources */,
				0E62CFE128897FEF007CDD62 /* NetworkService.swift in Sources */,
				0E62CFCE28897FBB007CDD62 /* SceneDelegate.swift in Sources */,
				0E620368288D88B00053DEC3 /* ChartView.swift in Sources */,
			);
			runOnlyForDeploymentPostprocessing = 0;
		};
/* End PBXSourcesBuildPhase section */

/* Begin PBXVariantGroup section */
		0E62CFD628897FBD007CDD62 /* LaunchScreen.storyboard */ = {
			isa = PBXVariantGroup;
			children = (
				0E62CFD728897FBD007CDD62 /* Base */,
			);
			name = LaunchScreen.storyboard;
			sourceTree = "<group>";
		};
/* End PBXVariantGroup section */

/* Begin XCBuildConfiguration section */
		0E62CFDA28897FBD007CDD62 /* Debug */ = {
			isa = XCBuildConfiguration;
			buildSettings = {
				ALWAYS_SEARCH_USER_PATHS = NO;
				CLANG_ANALYZER_NONNULL = YES;
				CLANG_ANALYZER_NUMBER_OBJECT_CONVERSION = YES_AGGRESSIVE;
				CLANG_CXX_LANGUAGE_STANDARD = "gnu++17";
				CLANG_ENABLE_MODULES = YES;
				CLANG_ENABLE_OBJC_ARC = YES;
				CLANG_ENABLE_OBJC_WEAK = YES;
				CLANG_WARN_BLOCK_CAPTURE_AUTORELEASING = YES;
				CLANG_WARN_BOOL_CONVERSION = YES;
				CLANG_WARN_COMMA = YES;
				CLANG_WARN_CONSTANT_CONVERSION = YES;
				CLANG_WARN_DEPRECATED_OBJC_IMPLEMENTATIONS = YES;
				CLANG_WARN_DIRECT_OBJC_ISA_USAGE = YES_ERROR;
				CLANG_WARN_DOCUMENTATION_COMMENTS = YES;
				CLANG_WARN_EMPTY_BODY = YES;
				CLANG_WARN_ENUM_CONVERSION = YES;
				CLANG_WARN_INFINITE_RECURSION = YES;
				CLANG_WARN_INT_CONVERSION = YES;
				CLANG_WARN_NON_LITERAL_NULL_CONVERSION = YES;
				CLANG_WARN_OBJC_IMPLICIT_RETAIN_SELF = YES;
				CLANG_WARN_OBJC_LITERAL_CONVERSION = YES;
				CLANG_WARN_OBJC_ROOT_CLASS = YES_ERROR;
				CLANG_WARN_QUOTED_INCLUDE_IN_FRAMEWORK_HEADER = YES;
				CLANG_WARN_RANGE_LOOP_ANALYSIS = YES;
				CLANG_WARN_STRICT_PROTOTYPES = YES;
				CLANG_WARN_SUSPICIOUS_MOVE = YES;
				CLANG_WARN_UNGUARDED_AVAILABILITY = YES_AGGRESSIVE;
				CLANG_WARN_UNREACHABLE_CODE = YES;
				CLANG_WARN__DUPLICATE_METHOD_MATCH = YES;
				COPY_PHASE_STRIP = NO;
				DEBUG_INFORMATION_FORMAT = dwarf;
				ENABLE_STRICT_OBJC_MSGSEND = YES;
				ENABLE_TESTABILITY = YES;
				GCC_C_LANGUAGE_STANDARD = gnu11;
				GCC_DYNAMIC_NO_PIC = NO;
				GCC_NO_COMMON_BLOCKS = YES;
				GCC_OPTIMIZATION_LEVEL = 0;
				GCC_PREPROCESSOR_DEFINITIONS = (
					"DEBUG=1",
					"$(inherited)",
				);
				GCC_WARN_64_TO_32_BIT_CONVERSION = YES;
				GCC_WARN_ABOUT_RETURN_TYPE = YES_ERROR;
				GCC_WARN_UNDECLARED_SELECTOR = YES;
				GCC_WARN_UNINITIALIZED_AUTOS = YES_AGGRESSIVE;
				GCC_WARN_UNUSED_FUNCTION = YES;
				GCC_WARN_UNUSED_VARIABLE = YES;
				IPHONEOS_DEPLOYMENT_TARGET = 15.4;
				MTL_ENABLE_DEBUG_INFO = INCLUDE_SOURCE;
				MTL_FAST_MATH = YES;
				ONLY_ACTIVE_ARCH = YES;
				SDKROOT = iphoneos;
				SWIFT_ACTIVE_COMPILATION_CONDITIONS = DEBUG;
				SWIFT_OPTIMIZATION_LEVEL = "-Onone";
			};
			name = Debug;
		};
		0E62CFDB28897FBD007CDD62 /* Release */ = {
			isa = XCBuildConfiguration;
			buildSettings = {
				ALWAYS_SEARCH_USER_PATHS = NO;
				CLANG_ANALYZER_NONNULL = YES;
				CLANG_ANALYZER_NUMBER_OBJECT_CONVERSION = YES_AGGRESSIVE;
				CLANG_CXX_LANGUAGE_STANDARD = "gnu++17";
				CLANG_ENABLE_MODULES = YES;
				CLANG_ENABLE_OBJC_ARC = YES;
				CLANG_ENABLE_OBJC_WEAK = YES;
				CLANG_WARN_BLOCK_CAPTURE_AUTORELEASING = YES;
				CLANG_WARN_BOOL_CONVERSION = YES;
				CLANG_WARN_COMMA = YES;
				CLANG_WARN_CONSTANT_CONVERSION = YES;
				CLANG_WARN_DEPRECATED_OBJC_IMPLEMENTATIONS = YES;
				CLANG_WARN_DIRECT_OBJC_ISA_USAGE = YES_ERROR;
				CLANG_WARN_DOCUMENTATION_COMMENTS = YES;
				CLANG_WARN_EMPTY_BODY = YES;
				CLANG_WARN_ENUM_CONVERSION = YES;
				CLANG_WARN_INFINITE_RECURSION = YES;
				CLANG_WARN_INT_CONVERSION = YES;
				CLANG_WARN_NON_LITERAL_NULL_CONVERSION = YES;
				CLANG_WARN_OBJC_IMPLICIT_RETAIN_SELF = YES;
				CLANG_WARN_OBJC_LITERAL_CONVERSION = YES;
				CLANG_WARN_OBJC_ROOT_CLASS = YES_ERROR;
				CLANG_WARN_QUOTED_INCLUDE_IN_FRAMEWORK_HEADER = YES;
				CLANG_WARN_RANGE_LOOP_ANALYSIS = YES;
				CLANG_WARN_STRICT_PROTOTYPES = YES;
				CLANG_WARN_SUSPICIOUS_MOVE = YES;
				CLANG_WARN_UNGUARDED_AVAILABILITY = YES_AGGRESSIVE;
				CLANG_WARN_UNREACHABLE_CODE = YES;
				CLANG_WARN__DUPLICATE_METHOD_MATCH = YES;
				COPY_PHASE_STRIP = NO;
				DEBUG_INFORMATION_FORMAT = "dwarf-with-dsym";
				ENABLE_NS_ASSERTIONS = NO;
				ENABLE_STRICT_OBJC_MSGSEND = YES;
				GCC_C_LANGUAGE_STANDARD = gnu11;
				GCC_NO_COMMON_BLOCKS = YES;
				GCC_WARN_64_TO_32_BIT_CONVERSION = YES;
				GCC_WARN_ABOUT_RETURN_TYPE = YES_ERROR;
				GCC_WARN_UNDECLARED_SELECTOR = YES;
				GCC_WARN_UNINITIALIZED_AUTOS = YES_AGGRESSIVE;
				GCC_WARN_UNUSED_FUNCTION = YES;
				GCC_WARN_UNUSED_VARIABLE = YES;
				IPHONEOS_DEPLOYMENT_TARGET = 15.4;
				MTL_ENABLE_DEBUG_INFO = NO;
				MTL_FAST_MATH = YES;
				SDKROOT = iphoneos;
				SWIFT_COMPILATION_MODE = wholemodule;
				SWIFT_OPTIMIZATION_LEVEL = "-O";
				VALIDATE_PRODUCT = YES;
			};
			name = Release;
		};
		0E62CFDD28897FBD007CDD62 /* Debug */ = {
			isa = XCBuildConfiguration;
			buildSettings = {
				ASSETCATALOG_COMPILER_APPICON_NAME = AppIcon;
				ASSETCATALOG_COMPILER_GLOBAL_ACCENT_COLOR_NAME = AccentColor;
				CODE_SIGN_STYLE = Automatic;
				CURRENT_PROJECT_VERSION = 1;
				DEVELOPMENT_TEAM = 7PXN8Z6Y8K;
				GENERATE_INFOPLIST_FILE = YES;
				INFOPLIST_FILE = AGCryptoWatcher/Info.plist;
				INFOPLIST_KEY_CFBundleDisplayName = CryptoWatcher;
				INFOPLIST_KEY_UIApplicationSupportsIndirectInputEvents = YES;
				INFOPLIST_KEY_UILaunchStoryboardName = LaunchScreen;
				INFOPLIST_KEY_UISupportedInterfaceOrientations_iPad = "UIInterfaceOrientationPortrait UIInterfaceOrientationPortraitUpsideDown UIInterfaceOrientationLandscapeLeft UIInterfaceOrientationLandscapeRight";
				INFOPLIST_KEY_UISupportedInterfaceOrientations_iPhone = "UIInterfaceOrientationPortrait UIInterfaceOrientationLandscapeLeft UIInterfaceOrientationLandscapeRight";
				LD_RUNPATH_SEARCH_PATHS = (
					"$(inherited)",
					"@executable_path/Frameworks",
				);
				MARKETING_VERSION = 1.0;
				PRODUCT_BUNDLE_IDENTIFIER = com.gralexey.cryptowatcher.AGCryptoWatcher;
				PRODUCT_NAME = "$(TARGET_NAME)";
				SWIFT_EMIT_LOC_STRINGS = YES;
				SWIFT_VERSION = 5.0;
				TARGETED_DEVICE_FAMILY = "1,2";
			};
			name = Debug;
		};
		0E62CFDE28897FBD007CDD62 /* Release */ = {
			isa = XCBuildConfiguration;
			buildSettings = {
				ASSETCATALOG_COMPILER_APPICON_NAME = AppIcon;
				ASSETCATALOG_COMPILER_GLOBAL_ACCENT_COLOR_NAME = AccentColor;
				CODE_SIGN_STYLE = Automatic;
				CURRENT_PROJECT_VERSION = 1;
				DEVELOPMENT_TEAM = 7PXN8Z6Y8K;
				GENERATE_INFOPLIST_FILE = YES;
				INFOPLIST_FILE = AGCryptoWatcher/Info.plist;
				INFOPLIST_KEY_CFBundleDisplayName = CryptoWatcher;
				INFOPLIST_KEY_UIApplicationSupportsIndirectInputEvents = YES;
				INFOPLIST_KEY_UILaunchStoryboardName = LaunchScreen;
				INFOPLIST_KEY_UISupportedInterfaceOrientations_iPad = "UIInterfaceOrientationPortrait UIInterfaceOrientationPortraitUpsideDown UIInterfaceOrientationLandscapeLeft UIInterfaceOrientationLandscapeRight";
				INFOPLIST_KEY_UISupportedInterfaceOrientations_iPhone = "UIInterfaceOrientationPortrait UIInterfaceOrientationLandscapeLeft UIInterfaceOrientationLandscapeRight";
				LD_RUNPATH_SEARCH_PATHS = (
					"$(inherited)",
					"@executable_path/Frameworks",
				);
				MARKETING_VERSION = 1.0;
				PRODUCT_BUNDLE_IDENTIFIER = com.gralexey.cryptowatcher.AGCryptoWatcher;
				PRODUCT_NAME = "$(TARGET_NAME)";
				SWIFT_EMIT_LOC_STRINGS = YES;
				SWIFT_VERSION = 5.0;
				TARGETED_DEVICE_FAMILY = "1,2";
			};
			name = Release;
		};
/* End XCBuildConfiguration section */

/* Begin XCConfigurationList section */
		0E62CFC328897FBB007CDD62 /* Build configuration list for PBXProject "AGCryptoWatcher" */ = {
			isa = XCConfigurationList;
			buildConfigurations = (
				0E62CFDA28897FBD007CDD62 /* Debug */,
				0E62CFDB28897FBD007CDD62 /* Release */,
			);
			defaultConfigurationIsVisible = 0;
			defaultConfigurationName = Release;
		};
		0E62CFDC28897FBD007CDD62 /* Build configuration list for PBXNativeTarget "AGCryptoWatcher" */ = {
			isa = XCConfigurationList;
			buildConfigurations = (
				0E62CFDD28897FBD007CDD62 /* Debug */,
				0E62CFDE28897FBD007CDD62 /* Release */,
			);
			defaultConfigurationIsVisible = 0;
			defaultConfigurationName = Release;
		};
/* End XCConfigurationList section */
	};
	rootObject = 0E62CFC028897FBB007CDD62 /* Project object */;
}
